
Microsoft Visual Studio Solution File, Format Version 12.00
# Visual Studio Version 17
VisualStudioVersion = 17.6.33829.357
MinimumVisualStudioVersion = 10.0.40219.1
Project("{FAE04EC0-301F-11D3-BF4B-00C04F79EFBC}") = "OOP_Implementation", "OOP_Implementation.csproj", "{F34D1899-027A-422E-B6AB-0201D80C8684}"
EndProject
Global
	GlobalSection(SolutionConfigurationPlatforms) = preSolution
		Debug|Any CPU = Debug|Any CPU
		Release|Any CPU = Release|Any CPU
	EndGlobalSection
	GlobalSection(ProjectConfigurationPlatforms) = postSolution
		{F34D1899-027A-422E-B6AB-0201D80C8684}.Debug|Any CPU.ActiveCfg = Debug|Any CPU
		{F34D1899-027A-422E-B6AB-0201D80C8684}.Debug|Any CPU.Build.0 = Debug|Any CPU
		{F34D1899-027A-422E-B6AB-0201D80C8684}.Release|Any CPU.ActiveCfg = Release|Any CPU
		{F34D1899-027A-422E-B6AB-0201D80C8684}.Release|Any CPU.Build.0 = Release|Any CPU
	EndGlobalSection
	GlobalSection(SolutionProperties) = preSolution
		HideSolutionNode = FALSE
	EndGlobalSection
	GlobalSection(ExtensibilityGlobals) = postSolution
		SolutionGuid = {17866868-2C2E-437E-A363-8BCC35E4FF60}
	EndGlobalSection
EndGlobal
